
Microsoft Visual Studio Solution File, Format Version 12.00
# Visual Studio 14
VisualStudioVersion = 14.0.23107.0
MinimumVisualStudioVersion = 10.0.40219.1
Project("{FAE04EC0-301F-11D3-BF4B-00C04F79EFBC}") = "App1.Droid", "App1\App1.Droid\App1.Droid.csproj", "{E6DC27BE-A46C-4F09-9EA3-59843B3F5090}"
EndProject
Project("{FAE04EC0-301F-11D3-BF4B-00C04F79EFBC}") = "App1.iOS", "App1\App1.iOS\App1.iOS.csproj", "{C7EE5DDA-E30D-4E05-A6A3-917DA4D19227}"
EndProject
Project("{FAE04EC0-301F-11D3-BF4B-00C04F79EFBC}") = "App1.WinPhone", "App1\App1.WinPhone\App1.WinPhone.csproj", "{0E77F5EA-D49A-47E6-8517-23CBE12B5680}"
EndProject
Project("{FAE04EC0-301F-11D3-BF4B-00C04F79EFBC}") = "App1", "App1\App1\App1.csproj", "{2061EBC7-4EB0-4558-881E-9C47BC37F7A5}"
EndProject
Global
	GlobalSection(SolutionConfigurationPlatforms) = preSolution
		AppStore|Any CPU = AppStore|Any CPU
		AppStore|ARM = AppStore|ARM
		AppStore|iPhone = AppStore|iPhone
		AppStore|iPhoneSimulator = AppStore|iPhoneSimulator
		AppStore|x86 = AppStore|x86
		Debug|Any CPU = Debug|Any CPU
		Debug|ARM = Debug|ARM
		Debug|iPhone = Debug|iPhone
		Debug|iPhoneSimulator = Debug|iPhoneSimulator
		Debug|x86 = Debug|x86
		Release|Any CPU = Release|Any CPU
		Release|ARM = Release|ARM
		Release|iPhone = Release|iPhone
		Release|iPhoneSimulator = Release|iPhoneSimulator
		Release|x86 = Release|x86
	EndGlobalSection
	GlobalSection(ProjectConfigurationPlatforms) = postSolution
		{E6DC27BE-A46C-4F09-9EA3-59843B3F5090}.AppStore|Any CPU.ActiveCfg = Release|Any CPU
		{E6DC27BE-A46C-4F09-9EA3-59843B3F5090}.AppStore|Any CPU.Build.0 = Release|Any CPU
		{E6DC27BE-A46C-4F09-9EA3-59843B3F5090}.AppStore|Any CPU.Deploy.0 = Release|Any CPU
		{E6DC27BE-A46C-4F09-9EA3-59843B3F5090}.AppStore|ARM.ActiveCfg = Release|Any CPU
		{E6DC27BE-A46C-4F09-9EA3-59843B3F5090}.AppStore|ARM.Build.0 = Release|Any CPU
		{E6DC27BE-A46C-4F09-9EA3-59843B3F5090}.AppStore|ARM.Deploy.0 = Release|Any CPU
		{E6DC27BE-A46C-4F09-9EA3-59843B3F5090}.AppStore|iPhone.ActiveCfg = Release|Any CPU
		{E6DC27BE-A46C-4F09-9EA3-59843B3F5090}.AppStore|iPhone.Build.0 = Release|Any CPU
		{E6DC27BE-A46C-4F09-9EA3-59843B3F5090}.AppStore|iPhone.Deploy.0 = Release|Any CPU
		{E6DC27BE-A46C-4F09-9EA3-59843B3F5090}.AppStore|iPhoneSimulator.ActiveCfg = Release|Any CPU
		{E6DC27BE-A46C-4F09-9EA3-59843B3F5090}.AppStore|iPhoneSimulator.Build.0 = Release|Any CPU
		{E6DC27BE-A46C-4F09-9EA3-59843B3F5090}.AppStore|iPhoneSimulator.Deploy.0 = Release|Any CPU
		{E6DC27BE-A46C-4F09-9EA3-59843B3F5090}.AppStore|x86.ActiveCfg = Release|Any CPU
		{E6DC27BE-A46C-4F09-9EA3-59843B3F5090}.AppStore|x86.Build.0 = Release|Any CPU
		{E6DC27BE-A46C-4F09-9EA3-59843B3F5090}.AppStore|x86.Deploy.0 = Release|Any CPU
		{E6DC27BE-A46C-4F09-9EA3-59843B3F5090}.Debug|Any CPU.ActiveCfg = Debug|Any CPU
		{E6DC27BE-A46C-4F09-9EA3-59843B3F5090}.Debug|Any CPU.Build.0 = Debug|Any CPU
		{E6DC27BE-A46C-4F09-9EA3-59843B3F5090}.Debug|Any CPU.Deploy.0 = Debug|Any CPU
		{E6DC27BE-A46C-4F09-9EA3-59843B3F5090}.Debug|ARM.ActiveCfg = Debug|Any CPU
		{E6DC27BE-A46C-4F09-9EA3-59843B3F5090}.Debug|ARM.Build.0 = Debug|Any CPU
		{E6DC27BE-A46C-4F09-9EA3-59843B3F5090}.Debug|ARM.Deploy.0 = Debug|Any CPU
		{E6DC27BE-A46C-4F09-9EA3-59843B3F5090}.Debug|iPhone.ActiveCfg = Debug|Any CPU
		{E6DC27BE-A46C-4F09-9EA3-59843B3F5090}.Debug|iPhone.Build.0 = Debug|Any CPU
		{E6DC27BE-A46C-4F09-9EA3-59843B3F5090}.Debug|iPhone.Deploy.0 = Debug|Any CPU
		{E6DC27BE-A46C-4F09-9EA3-59843B3F5090}.Debug|iPhoneSimulator.ActiveCfg = Debug|Any CPU
		{E6DC27BE-A46C-4F09-9EA3-59843B3F5090}.Debug|iPhoneSimulator.Build.0 = Debug|Any CPU
		{E6DC27BE-A46C-4F09-9EA3-59843B3F5090}.Debug|iPhoneSimulator.Deploy.0 = Debug|Any CPU
		{E6DC27BE-A46C-4F09-9EA3-59843B3F5090}.Debug|x86.ActiveCfg = Debug|Any CPU
		{E6DC27BE-A46C-4F09-9EA3-59843B3F5090}.Debug|x86.Build.0 = Debug|Any CPU
		{E6DC27BE-A46C-4F09-9EA3-59843B3F5090}.Debug|x86.Deploy.0 = Debug|Any CPU
		{E6DC27BE-A46C-4F09-9EA3-59843B3F5090}.Release|Any CPU.ActiveCfg = Release|Any CPU
		{E6DC27BE-A46C-4F09-9EA3-59843B3F5090}.Release|Any CPU.Build.0 = Release|Any CPU
		{E6DC27BE-A46C-4F09-9EA3-59843B3F5090}.Release|Any CPU.Deploy.0 = Release|Any CPU
		{E6DC27BE-A46C-4F09-9EA3-59843B3F5090}.Release|ARM.ActiveCfg = Release|Any CPU
		{E6DC27BE-A46C-4F09-9EA3-59843B3F5090}.Release|ARM.Build.0 = Release|Any CPU
		{E6DC27BE-A46C-4F09-9EA3-59843B3F5090}.Release|ARM.Deploy.0 = Release|Any CPU
		{E6DC27BE-A46C-4F09-9EA3-59843B3F5090}.Release|iPhone.ActiveCfg = Release|Any CPU
		{E6DC27BE-A46C-4F09-9EA3-59843B3F5090}.Release|iPhone.Build.0 = Release|Any CPU
		{E6DC27BE-A46C-4F09-9EA3-59843B3F5090}.Release|iPhone.Deploy.0 = Release|Any CPU
		{E6DC27BE-A46C-4F09-9EA3-59843B3F5090}.Release|iPhoneSimulator.ActiveCfg = Release|Any CPU
		{E6DC27BE-A46C-4F09-9EA3-59843B3F5090}.Release|iPhoneSimulator.Build.0 = Release|Any CPU
		{E6DC27BE-A46C-4F09-9EA3-59843B3F5090}.Release|iPhoneSimulator.Deploy.0 = Release|Any CPU
		{E6DC27BE-A46C-4F09-9EA3-59843B3F5090}.Release|x86.ActiveCfg = Release|Any CPU
		{E6DC27BE-A46C-4F09-9EA3-59843B3F5090}.Release|x86.Build.0 = Release|Any CPU
		{E6DC27BE-A46C-4F09-9EA3-59843B3F5090}.Release|x86.Deploy.0 = Release|Any CPU
		{C7EE5DDA-E30D-4E05-A6A3-917DA4D19227}.AppStore|Any CPU.ActiveCfg = AppStore|iPhone
		{C7EE5DDA-E30D-4E05-A6A3-917DA4D19227}.AppStore|ARM.ActiveCfg = AppStore|iPhone
		{C7EE5DDA-E30D-4E05-A6A3-917DA4D19227}.AppStore|iPhone.ActiveCfg = AppStore|iPhone
		{C7EE5DDA-E30D-4E05-A6A3-917DA4D19227}.AppStore|iPhone.Build.0 = AppStore|iPhone
		{C7EE5DDA-E30D-4E05-A6A3-917DA4D19227}.AppStore|iPhoneSimulator.ActiveCfg = AppStore|iPhoneSimulator
		{C7EE5DDA-E30D-4E05-A6A3-917DA4D19227}.AppStore|iPhoneSimulator.Build.0 = AppStore|iPhoneSimulator
		{C7EE5DDA-E30D-4E05-A6A3-917DA4D19227}.AppStore|x86.ActiveCfg = AppStore|iPhone
		{C7EE5DDA-E30D-4E05-A6A3-917DA4D19227}.Debug|Any CPU.ActiveCfg = Debug|iPhone
		{C7EE5DDA-E30D-4E05-A6A3-917DA4D19227}.Debug|ARM.ActiveCfg = Debug|iPhone
		{C7EE5DDA-E30D-4E05-A6A3-917DA4D19227}.Debug|iPhone.ActiveCfg = Debug|iPhone
		{C7EE5DDA-E30D-4E05-A6A3-917DA4D19227}.Debug|iPhone.Build.0 = Debug|iPhone
		{C7EE5DDA-E30D-4E05-A6A3-917DA4D19227}.Debug|iPhoneSimulator.ActiveCfg = Debug|iPhoneSimulator
		{C7EE5DDA-E30D-4E05-A6A3-917DA4D19227}.Debug|iPhoneSimulator.Build.0 = Debug|iPhoneSimulator
		{C7EE5DDA-E30D-4E05-A6A3-917DA4D19227}.Debug|x86.ActiveCfg = Debug|iPhone
		{C7EE5DDA-E30D-4E05-A6A3-917DA4D19227}.Release|Any CPU.ActiveCfg = Release|iPhone
		{C7EE5DDA-E30D-4E05-A6A3-917DA4D19227}.Release|ARM.ActiveCfg = Release|iPhone
		{C7EE5DDA-E30D-4E05-A6A3-917DA4D19227}.Release|iPhone.ActiveCfg = Release|iPhone
		{C7EE5DDA-E30D-4E05-A6A3-917DA4D19227}.Release|iPhone.Build.0 = Release|iPhone
		{C7EE5DDA-E30D-4E05-A6A3-917DA4D19227}.Release|iPhoneSimulator.ActiveCfg = Release|iPhoneSimulator
		{C7EE5DDA-E30D-4E05-A6A3-917DA4D19227}.Release|iPhoneSimulator.Build.0 = Release|iPhoneSimulator
		{C7EE5DDA-E30D-4E05-A6A3-917DA4D19227}.Release|x86.ActiveCfg = Release|iPhone
		{0E77F5EA-D49A-47E6-8517-23CBE12B5680}.AppStore|Any CPU.ActiveCfg = Release|Any CPU
		{0E77F5EA-D49A-47E6-8517-23CBE12B5680}.AppStore|Any CPU.Build.0 = Release|Any CPU
		{0E77F5EA-D49A-47E6-8517-23CBE12B5680}.AppStore|Any CPU.Deploy.0 = Release|Any CPU
		{0E77F5EA-D49A-47E6-8517-23CBE12B5680}.AppStore|ARM.ActiveCfg = Release|ARM
		{0E77F5EA-D49A-47E6-8517-23CBE12B5680}.AppStore|ARM.Build.0 = Release|ARM
		{0E77F5EA-D49A-47E6-8517-23CBE12B5680}.AppStore|ARM.Deploy.0 = Release|ARM
		{0E77F5EA-D49A-47E6-8517-23CBE12B5680}.AppStore|iPhone.ActiveCfg = Release|Any CPU
		{0E77F5EA-D49A-47E6-8517-23CBE12B5680}.AppStore|iPhone.Build.0 = Release|Any CPU
		{0E77F5EA-D49A-47E6-8517-23CBE12B5680}.AppStore|iPhone.Deploy.0 = Release|Any CPU
		{0E77F5EA-D49A-47E6-8517-23CBE12B5680}.AppStore|iPhoneSimulator.ActiveCfg = Release|Any CPU
		{0E77F5EA-D49A-47E6-8517-23CBE12B5680}.AppStore|iPhoneSimulator.Build.0 = Release|Any CPU
		{0E77F5EA-D49A-47E6-8517-23CBE12B5680}.AppStore|iPhoneSimulator.Deploy.0 = Release|Any CPU
		{0E77F5EA-D49A-47E6-8517-23CBE12B5680}.AppStore|x86.ActiveCfg = Release|x86
		{0E77F5EA-D49A-47E6-8517-23CBE12B5680}.AppStore|x86.Build.0 = Release|x86
		{0E77F5EA-D49A-47E6-8517-23CBE12B5680}.AppStore|x86.Deploy.0 = Release|x86
		{0E77F5EA-D49A-47E6-8517-23CBE12B5680}.Debug|Any CPU.ActiveCfg = Debug|Any CPU
		{0E77F5EA-D49A-47E6-8517-23CBE12B5680}.Debug|Any CPU.Build.0 = Debug|Any CPU
		{0E77F5EA-D49A-47E6-8517-23CBE12B5680}.Debug|Any CPU.Deploy.0 = Debug|Any CPU
		{0E77F5EA-D49A-47E6-8517-23CBE12B5680}.Debug|ARM.ActiveCfg = Debug|ARM
		{0E77F5EA-D49A-47E6-8517-23CBE12B5680}.Debug|ARM.Build.0 = Debug|ARM
		{0E77F5EA-D49A-47E6-8517-23CBE12B5680}.Debug|ARM.Deploy.0 = Debug|ARM
		{0E77F5EA-D49A-47E6-8517-23CBE12B5680}.Debug|iPhone.ActiveCfg = Debug|Any CPU
		{0E77F5EA-D49A-47E6-8517-23CBE12B5680}.Debug|iPhone.Build.0 = Debug|Any CPU
		{0E77F5EA-D49A-47E6-8517-23CBE12B5680}.Debug|iPhone.Deploy.0 = Debug|Any CPU
		{0E77F5EA-D49A-47E6-8517-23CBE12B5680}.Debug|iPhoneSimulator.ActiveCfg = Debug|Any CPU
		{0E77F5EA-D49A-47E6-8517-23CBE12B5680}.Debug|iPhoneSimulator.Build.0 = Debug|Any CPU
		{0E77F5EA-D49A-47E6-8517-23CBE12B5680}.Debug|iPhoneSimulator.Deploy.0 = Debug|Any CPU
		{0E77F5EA-D49A-47E6-8517-23CBE12B5680}.Debug|x86.ActiveCfg = Debug|x86
		{0E77F5EA-D49A-47E6-8517-23CBE12B5680}.Debug|x86.Build.0 = Debug|x86
		{0E77F5EA-D49A-47E6-8517-23CBE12B5680}.Debug|x86.Deploy.0 = Debug|x86
		{0E77F5EA-D49A-47E6-8517-23CBE12B5680}.Release|Any CPU.ActiveCfg = Release|Any CPU
		{0E77F5EA-D49A-47E6-8517-23CBE12B5680}.Release|Any CPU.Build.0 = Release|Any CPU
		{0E77F5EA-D49A-47E6-8517-23CBE12B5680}.Release|Any CPU.Deploy.0 = Release|Any CPU
		{0E77F5EA-D49A-47E6-8517-23CBE12B5680}.Release|ARM.ActiveCfg = Release|ARM
		{0E77F5EA-D49A-47E6-8517-23CBE12B5680}.Release|ARM.Build.0 = Release|ARM
		{0E77F5EA-D49A-47E6-8517-23CBE12B5680}.Release|ARM.Deploy.0 = Release|ARM
		{0E77F5EA-D49A-47E6-8517-23CBE12B5680}.Release|iPhone.ActiveCfg = Release|Any CPU
		{0E77F5EA-D49A-47E6-8517-23CBE12B5680}.Release|iPhone.Build.0 = Release|Any CPU
		{0E77F5EA-D49A-47E6-8517-23CBE12B5680}.Release|iPhone.Deploy.0 = Release|Any CPU
		{0E77F5EA-D49A-47E6-8517-23CBE12B5680}.Release|iPhoneSimulator.ActiveCfg = Release|Any CPU
		{0E77F5EA-D49A-47E6-8517-23CBE12B5680}.Release|iPhoneSimulator.Build.0 = Release|Any CPU
		{0E77F5EA-D49A-47E6-8517-23CBE12B5680}.Release|iPhoneSimulator.Deploy.0 = Release|Any CPU
		{0E77F5EA-D49A-47E6-8517-23CBE12B5680}.Release|x86.ActiveCfg = Release|x86
		{0E77F5EA-D49A-47E6-8517-23CBE12B5680}.Release|x86.Build.0 = Release|x86
		{0E77F5EA-D49A-47E6-8517-23CBE12B5680}.Release|x86.Deploy.0 = Release|x86
		{2061EBC7-4EB0-4558-881E-9C47BC37F7A5}.AppStore|Any CPU.ActiveCfg = Release|Any CPU
		{2061EBC7-4EB0-4558-881E-9C47BC37F7A5}.AppStore|Any CPU.Build.0 = Release|Any CPU
		{2061EBC7-4EB0-4558-881E-9C47BC37F7A5}.AppStore|ARM.ActiveCfg = Release|Any CPU
		{2061EBC7-4EB0-4558-881E-9C47BC37F7A5}.AppStore|ARM.Build.0 = Release|Any CPU
		{2061EBC7-4EB0-4558-881E-9C47BC37F7A5}.AppStore|iPhone.ActiveCfg = Release|Any CPU
		{2061EBC7-4EB0-4558-881E-9C47BC37F7A5}.AppStore|iPhone.Build.0 = Release|Any CPU
		{2061EBC7-4EB0-4558-881E-9C47BC37F7A5}.AppStore|iPhoneSimulator.ActiveCfg = Release|Any CPU
		{2061EBC7-4EB0-4558-881E-9C47BC37F7A5}.AppStore|iPhoneSimulator.Build.0 = Release|Any CPU
		{2061EBC7-4EB0-4558-881E-9C47BC37F7A5}.AppStore|x86.ActiveCfg = Release|Any CPU
		{2061EBC7-4EB0-4558-881E-9C47BC37F7A5}.AppStore|x86.Build.0 = Release|Any CPU
		{2061EBC7-4EB0-4558-881E-9C47BC37F7A5}.Debug|Any CPU.ActiveCfg = Debug|Any CPU
		{2061EBC7-4EB0-4558-881E-9C47BC37F7A5}.Debug|Any CPU.Build.0 = Debug|Any CPU
		{2061EBC7-4EB0-4558-881E-9C47BC37F7A5}.Debug|ARM.ActiveCfg = Debug|Any CPU
		{2061EBC7-4EB0-4558-881E-9C47BC37F7A5}.Debug|ARM.Build.0 = Debug|Any CPU
		{2061EBC7-4EB0-4558-881E-9C47BC37F7A5}.Debug|iPhone.ActiveCfg = Debug|Any CPU
		{2061EBC7-4EB0-4558-881E-9C47BC37F7A5}.Debug|iPhone.Build.0 = Debug|Any CPU
		{2061EBC7-4EB0-4558-881E-9C47BC37F7A5}.Debug|iPhoneSimulator.ActiveCfg = Debug|Any CPU
		{2061EBC7-4EB0-4558-881E-9C47BC37F7A5}.Debug|iPhoneSimulator.Build.0 = Debug|Any CPU
		{2061EBC7-4EB0-4558-881E-9C47BC37F7A5}.Debug|x86.ActiveCfg = Debug|Any CPU
		{2061EBC7-4EB0-4558-881E-9C47BC37F7A5}.Debug|x86.Build.0 = Debug|Any CPU
		{2061EBC7-4EB0-4558-881E-9C47BC37F7A5}.Release|Any CPU.ActiveCfg = Release|Any CPU
		{2061EBC7-4EB0-4558-881E-9C47BC37F7A5}.Release|Any CPU.Build.0 = Release|Any CPU
		{2061EBC7-4EB0-4558-881E-9C47BC37F7A5}.Release|ARM.ActiveCfg = Release|Any CPU
		{2061EBC7-4EB0-4558-881E-9C47BC37F7A5}.Release|ARM.Build.0 = Release|Any CPU
		{2061EBC7-4EB0-4558-881E-9C47BC37F7A5}.Release|iPhone.ActiveCfg = Release|Any CPU
		{2061EBC7-4EB0-4558-881E-9C47BC37F7A5}.Release|iPhone.Build.0 = Release|Any CPU
		{2061EBC7-4EB0-4558-881E-9C47BC37F7A5}.Release|iPhoneSimulator.ActiveCfg = Release|Any CPU
		{2061EBC7-4EB0-4558-881E-9C47BC37F7A5}.Release|iPhoneSimulator.Build.0 = Release|Any CPU
		{2061EBC7-4EB0-4558-881E-9C47BC37F7A5}.Release|x86.ActiveCfg = Release|Any CPU
		{2061EBC7-4EB0-4558-881E-9C47BC37F7A5}.Release|x86.Build.0 = Release|Any CPU
	EndGlobalSection
	GlobalSection(SolutionProperties) = preSolution
		HideSolutionNode = FALSE
	EndGlobalSection
EndGlobal
